// !$*UTF8*$!
{
	archiveVersion = 1;
	classes = {
	};
	objectVersion = 50;
	objects = {

/* Begin PBXBuildFile section */
		3C26881C21154A1A001CE6F3 /* AppDelegate.m in Sources */ = {isa = PBXBuildFile; fileRef = 3C26881B21154A1A001CE6F3 /* AppDelegate.m */; };
		3C26881F21154A1A001CE6F3 /* ViewController.m in Sources */ = {isa = PBXBuildFile; fileRef = 3C26881E21154A1A001CE6F3 /* ViewController.m */; };
		3C26882221154A1A001CE6F3 /* Main.storyboard in Resources */ = {isa = PBXBuildFile; fileRef = 3C26882021154A1A001CE6F3 /* Main.storyboard */; };
		3C26882421154A1B001CE6F3 /* Assets.xcassets in Resources */ = {isa = PBXBuildFile; fileRef = 3C26882321154A1B001CE6F3 /* Assets.xcassets */; };
		3C26882721154A1B001CE6F3 /* LaunchScreen.storyboard in Resources */ = {isa = PBXBuildFile; fileRef = 3C26882521154A1B001CE6F3 /* LaunchScreen.storyboard */; };
		3C26882A21154A1B001CE6F3 /* main.m in Sources */ = {isa = PBXBuildFile; fileRef = 3C26882921154A1B001CE6F3 /* main.m */; };
		3C26883721154A2A001CE6F3 /* UITestTests.m in Sources */ = {isa = PBXBuildFile; fileRef = 3C26883621154A2A001CE6F3 /* UITestTests.m */; };
		3C26884521154A34001CE6F3 /* UITestUITests.m in Sources */ = {isa = PBXBuildFile; fileRef = 3C26884421154A34001CE6F3 /* UITestUITests.m */; };
/* End PBXBuildFile section */

/* Begin PBXContainerItemProxy section */
		3C26883921154A2A001CE6F3 /* PBXContainerItemProxy */ = {
			isa = PBXContainerItemProxy;
			containerPortal = 3C26880F21154A1A001CE6F3 /* Project object */;
			proxyType = 1;
			remoteGlobalIDString = 3C26881621154A1A001CE6F3;
			remoteInfo = UITest;
		};
		3C26884721154A34001CE6F3 /* PBXContainerItemProxy */ = {
			isa = PBXContainerItemProxy;
			containerPortal = 3C26880F21154A1A001CE6F3 /* Project object */;
			proxyType = 1;
			remoteGlobalIDString = 3C26881621154A1A001CE6F3;
			remoteInfo = UITest;
		};
/* End PBXContainerItemProxy section */

/* Begin PBXFileReference section */
		3C26881721154A1A001CE6F3 /* UITest.app */ = {isa = PBXFileReference; explicitFileType = wrapper.application; includeInIndex = 0; path = UITest.app; sourceTree = BUILT_PRODUCTS_DIR; };
		3C26881A21154A1A001CE6F3 /* AppDelegate.h */ = {isa = PBXFileReference; lastKnownFileType = sourcecode.c.h; path = AppDelegate.h; sourceTree = "<group>"; };
		3C26881B21154A1A001CE6F3 /* AppDelegate.m */ = {isa = PBXFileReference; lastKnownFileType = sourcecode.c.objc; path = AppDelegate.m; sourceTree = "<group>"; };
		3C26881D21154A1A001CE6F3 /* ViewController.h */ = {isa = PBXFileReference; lastKnownFileType = sourcecode.c.h; path = ViewController.h; sourceTree = "<group>"; };
		3C26881E21154A1A001CE6F3 /* ViewController.m */ = {isa = PBXFileReference; lastKnownFileType = sourcecode.c.objc; path = ViewController.m; sourceTree = "<group>"; };
		3C26882121154A1A001CE6F3 /* Base */ = {isa = PBXFileReference; lastKnownFileType = file.storyboard; name = Base; path = Base.lproj/Main.storyboard; sourceTree = "<group>"; };
		3C26882321154A1B001CE6F3 /* Assets.xcassets */ = {isa = PBXFileReference; lastKnownFileType = folder.assetcatalog; path = Assets.xcassets; sourceTree = "<group>"; };
		3C26882621154A1B001CE6F3 /* Base */ = {isa = PBXFileReference; lastKnownFileType = file.storyboard; name = Base; path = Base.lproj/LaunchScreen.storyboard; sourceTree = "<group>"; };
		3C26882821154A1B001CE6F3 /* Info.plist */ = {isa = PBXFileReference; lastKnownFileType = text.plist.xml; path = Info.plist; sourceTree = "<group>"; };
		3C26882921154A1B001CE6F3 /* main.m */ = {isa = PBXFileReference; lastKnownFileType = sourcecode.c.objc; path = main.m; sourceTree = "<group>"; };
		3C26883421154A2A001CE6F3 /* UITestTests.xctest */ = {isa = PBXFileReference; explicitFileType = wrapper.cfbundle; includeInIndex = 0; path = UITestTests.xctest; sourceTree = BUILT_PRODUCTS_DIR; };
		3C26883621154A2A001CE6F3 /* UITestTests.m */ = {isa = PBXFileReference; lastKnownFileType = sourcecode.c.objc; path = UITestTests.m; sourceTree = "<group>"; };
		3C26883821154A2A001CE6F3 /* Info.plist */ = {isa = PBXFileReference; lastKnownFileType = text.plist.xml; path = Info.plist; sourceTree = "<group>"; };
		3C26884221154A34001CE6F3 /* UITestUITests.xctest */ = {isa = PBXFileReference; explicitFileType = wrapper.cfbundle; includeInIndex = 0; path = UITestUITests.xctest; sourceTree = BUILT_PRODUCTS_DIR; };
		3C26884421154A34001CE6F3 /* UITestUITests.m */ = {isa = PBXFileReference; lastKnownFileType = sourcecode.c.objc; path = UITestUITests.m; sourceTree = "<group>"; };
		3C26884621154A34001CE6F3 /* Info.plist */ = {isa = PBXFileReference; lastKnownFileType = text.plist.xml; path = Info.plist; sourceTree = "<group>"; };
/* End PBXFileReference section */

/* Begin PBXFrameworksBuildPhase section */
		3C26881421154A1A001CE6F3 /* Frameworks */ = {
			isa = PBXFrameworksBuildPhase;
			buildActionMask = 2147483647;
			files = (
			);
			runOnlyForDeploymentPostprocessing = 0;
		};
		3C26883121154A2A001CE6F3 /* Frameworks */ = {
			isa = PBXFrameworksBuildPhase;
			buildActionMask = 2147483647;
			files = (
			);
			runOnlyForDeploymentPostprocessing = 0;
		};
		3C26883F21154A34001CE6F3 /* Frameworks */ = {
			isa = PBXFrameworksBuildPhase;
			buildActionMask = 2147483647;
			files = (
			);
			runOnlyForDeploymentPostprocessing = 0;
		};
/* End PBXFrameworksBuildPhase section */

/* Begin PBXGroup section */
		3C26880E21154A1A001CE6F3 = {
			isa = PBXGroup;
			children = (
				3C26881921154A1A001CE6F3 /* UITest */,
				3C26883521154A2A001CE6F3 /* UITestTests */,
				3C26884321154A34001CE6F3 /* UITestUITests */,
				3C26881821154A1A001CE6F3 /* Products */,
			);
			sourceTree = "<group>";
		};
		3C26881821154A1A001CE6F3 /* Products */ = {
			isa = PBXGroup;
			children = (
				3C26881721154A1A001CE6F3 /* UITest.app */,
				3C26883421154A2A001CE6F3 /* UITestTests.xctest */,
				3C26884221154A34001CE6F3 /* UITestUITests.xctest */,
			);
			name = Products;
			sourceTree = "<group>";
		};
		3C26881921154A1A001CE6F3 /* UITest */ = {
			isa = PBXGroup;
			children = (
				3C26881A21154A1A001CE6F3 /* AppDelegate.h */,
				3C26881B21154A1A001CE6F3 /* AppDelegate.m */,
				3C26881D21154A1A001CE6F3 /* ViewController.h */,
				3C26881E21154A1A001CE6F3 /* ViewController.m */,
				3C26882021154A1A001CE6F3 /* Main.storyboard */,
				3C26882321154A1B001CE6F3 /* Assets.xcassets */,
				3C26882521154A1B001CE6F3 /* LaunchScreen.storyboard */,
				3C26882821154A1B001CE6F3 /* Info.plist */,
				3C26882921154A1B001CE6F3 /* main.m */,
			);
			path = UITest;
			sourceTree = "<group>";
		};
		3C26883521154A2A001CE6F3 /* UITestTests */ = {
			isa = PBXGroup;
			children = (
				3C26883621154A2A001CE6F3 /* UITestTests.m */,
				3C26883821154A2A001CE6F3 /* Info.plist */,
			);
			path = UITestTests;
			sourceTree = "<group>";
		};
		3C26884321154A34001CE6F3 /* UITestUITests */ = {
			isa = PBXGroup;
			children = (
				3C26884421154A34001CE6F3 /* UITestUITests.m */,
				3C26884621154A34001CE6F3 /* Info.plist */,
			);
			path = UITestUITests;
			sourceTree = "<group>";
		};
/* End PBXGroup section */

/* Begin PBXNativeTarget section */
		3C26881621154A1A001CE6F3 /* UITest */ = {
			isa = PBXNativeTarget;
			buildConfigurationList = 3C26882D21154A1B001CE6F3 /* Build configuration list for PBXNativeTarget "UITest" */;
			buildPhases = (
				3C26881321154A1A001CE6F3 /* Sources */,
				3C26881421154A1A001CE6F3 /* Frameworks */,
				3C26881521154A1A001CE6F3 /* Resources */,
			);
			buildRules = (
			);
			dependencies = (
			);
			name = UITest;
			productName = UITest;
			productReference = 3C26881721154A1A001CE6F3 /* UITest.app */;
			productType = "com.apple.product-type.application";
		};
		3C26883321154A2A001CE6F3 /* UITestTests */ = {
			isa = PBXNativeTarget;
			buildConfigurationList = 3C26883B21154A2A001CE6F3 /* Build configuration list for PBXNativeTarget "UITestTests" */;
			buildPhases = (
				3C26883021154A2A001CE6F3 /* Sources */,
				3C26883121154A2A001CE6F3 /* Frameworks */,
				3C26883221154A2A001CE6F3 /* Resources */,
			);
			buildRules = (
			);
			dependencies = (
				3C26883A21154A2A001CE6F3 /* PBXTargetDependency */,
			);
			name = UITestTests;
			productName = UITestTests;
			productReference = 3C26883421154A2A001CE6F3 /* UITestTests.xctest */;
			productType = "com.apple.product-type.bundle.unit-test";
		};
		3C26884121154A34001CE6F3 /* UITestUITests */ = {
			isa = PBXNativeTarget;
			buildConfigurationList = 3C26884921154A34001CE6F3 /* Build configuration list for PBXNativeTarget "UITestUITests" */;
			buildPhases = (
				3C26883E21154A34001CE6F3 /* Sources */,
				3C26883F21154A34001CE6F3 /* Frameworks */,
				3C26884021154A34001CE6F3 /* Resources */,
			);
			buildRules = (
			);
			dependencies = (
				3C26884821154A34001CE6F3 /* PBXTargetDependency */,
			);
			name = UITestUITests;
			productName = UITestUITests;
			productReference = 3C26884221154A34001CE6F3 /* UITestUITests.xctest */;
			productType = "com.apple.product-type.bundle.ui-testing";
		};
/* End PBXNativeTarget section */

/* Begin PBXProject section */
		3C26880F21154A1A001CE6F3 /* Project object */ = {
			isa = PBXProject;
			attributes = {
				LastUpgradeCheck = 0940;
				ORGANIZATIONNAME = tz;
				TargetAttributes = {
					3C26881621154A1A001CE6F3 = {
						CreatedOnToolsVersion = 9.4.1;
					};
					3C26883321154A2A001CE6F3 = {
						CreatedOnToolsVersion = 9.4.1;
						TestTargetID = 3C26881621154A1A001CE6F3;
					};
					3C26884121154A34001CE6F3 = {
						CreatedOnToolsVersion = 9.4.1;
						TestTargetID = 3C26881621154A1A001CE6F3;
					};
				};
			};
			buildConfigurationList = 3C26881221154A1A001CE6F3 /* Build configuration list for PBXProject "UITest" */;
			compatibilityVersion = "Xcode 9.3";
			developmentRegion = en;
			hasScannedForEncodings = 0;
			knownRegions = (
				en,
				Base,
			);
			mainGroup = 3C26880E21154A1A001CE6F3;
			productRefGroup = 3C26881821154A1A001CE6F3 /* Products */;
			projectDirPath = "";
			projectRoot = "";
			targets = (
				3C26881621154A1A001CE6F3 /* UITest */,
				3C26883321154A2A001CE6F3 /* UITestTests */,
				3C26884121154A34001CE6F3 /* UITestUITests */,
			);
		};
/* End PBXProject section */

/* Begin PBXResourcesBuildPhase section */
		3C26881521154A1A001CE6F3 /* Resources */ = {
			isa = PBXResourcesBuildPhase;
			buildActionMask = 2147483647;
			files = (
				3C26882721154A1B001CE6F3 /* LaunchScreen.storyboard in Resources */,
				3C26882421154A1B001CE6F3 /* Assets.xcassets in Resources */,
				3C26882221154A1A001CE6F3 /* Main.storyboard in Resources */,
			);
			runOnlyForDeploymentPostprocessing = 0;
		};
		3C26883221154A2A001CE6F3 /* Resources */ = {
			isa = PBXResourcesBuildPhase;
			buildActionMask = 2147483647;
			files = (
			);
			runOnlyForDeploymentPostprocessing = 0;
		};
		3C26884021154A34001CE6F3 /* Resources */ = {
			isa = PBXResourcesBuildPhase;
			buildActionMask = 2147483647;
			files = (
			);
			runOnlyForDeploymentPostprocessing = 0;
		};
/* End PBXResourcesBuildPhase section */

/* Begin PBXSourcesBuildPhase section */
		3C26881321154A1A001CE6F3 /* Sources */ = {
			isa = PBXSourcesBuildPhase;
			buildActionMask = 2147483647;
			files = (
				3C26881F21154A1A001CE6F3 /* ViewController.m in Sources */,
				3C26882A21154A1B001CE6F3 /* main.m in Sources */,
				3C26881C21154A1A001CE6F3 /* AppDelegate.m in Sources */,
			);
			runOnlyForDeploymentPostprocessing = 0;
		};
		3C26883021154A2A001CE6F3 /* Sources */ = {
			isa = PBXSourcesBuildPhase;
			buildActionMask = 2147483647;
			files = (
				3C26883721154A2A001CE6F3 /* UITestTests.m in Sources */,
			);
			runOnlyForDeploymentPostprocessing = 0;
		};
		3C26883E21154A34001CE6F3 /* Sources */ = {
			isa = PBXSourcesBuildPhase;
			buildActionMask = 2147483647;
			files = (
				3C26884521154A34001CE6F3 /* UITestUITests.m in Sources */,
			);
			runOnlyForDeploymentPostprocessing = 0;
		};
/* End PBXSourcesBuildPhase section */

/* Begin PBXTargetDependency section */
		3C26883A21154A2A001CE6F3 /* PBXTargetDependency */ = {
			isa = PBXTargetDependency;
			target = 3C26881621154A1A001CE6F3 /* UITest */;
			targetProxy = 3C26883921154A2A001CE6F3 /* PBXContainerItemProxy */;
		};
		3C26884821154A34001CE6F3 /* PBXTargetDependency */ = {
			isa = PBXTargetDependency;
			target = 3C26881621154A1A001CE6F3 /* UITest */;
			targetProxy = 3C26884721154A34001CE6F3 /* PBXContainerItemProxy */;
		};
/* End PBXTargetDependency section */

/* Begin PBXVariantGroup section */
		3C26882021154A1A001CE6F3 /* Main.storyboard */ = {
			isa = PBXVariantGroup;
			children = (
				3C26882121154A1A001CE6F3 /* Base */,
			);
			name = Main.storyboard;
			sourceTree = "<group>";
		};
		3C26882521154A1B001CE6F3 /* LaunchScreen.storyboard */ = {
			isa = PBXVariantGroup;
			children = (
				3C26882621154A1B001CE6F3 /* Base */,
			);
			name = LaunchScreen.storyboard;
			sourceTree = "<group>";
		};
/* End PBXVariantGroup section */

/* Begin XCBuildConfiguration section */
		3C26882B21154A1B001CE6F3 /* Debug */ = {
			isa = XCBuildConfiguration;
			buildSettings = {
				ALWAYS_SEARCH_USER_PATHS = NO;
				CLANG_ANALYZER_NONNULL = YES;
				CLANG_ANALYZER_NUMBER_OBJECT_CONVERSION = YES_AGGRESSIVE;
				CLANG_CXX_LANGUAGE_STANDARD = "gnu++14";
				CLANG_CXX_LIBRARY = "libc++";
				CLANG_ENABLE_MODULES = YES;
				CLANG_ENABLE_OBJC_ARC = YES;
				CLANG_ENABLE_OBJC_WEAK = YES;
				CLANG_WARN_BLOCK_CAPTURE_AUTORELEASING = YES;
				CLANG_WARN_BOOL_CONVERSION = YES;
				CLANG_WARN_COMMA = YES;
				CLANG_WARN_CONSTANT_CONVERSION = YES;
				CLANG_WARN_DEPRECATED_OBJC_IMPLEMENTATIONS = YES;
				CLANG_WARN_DIRECT_OBJC_ISA_USAGE = YES_ERROR;
				CLANG_WARN_DOCUMENTATION_COMMENTS = YES;
				CLANG_WARN_EMPTY_BODY = YES;
				CLANG_WARN_ENUM_CONVERSION = YES;
				CLANG_WARN_INFINITE_RECURSION = YES;
				CLANG_WARN_INT_CONVERSION = YES;
				CLANG_WARN_NON_LITERAL_NULL_CONVERSION = YES;
				CLANG_WARN_OBJC_IMPLICIT_RETAIN_SELF = YES;
				CLANG_WARN_OBJC_LITERAL_CONVERSION = YES;
				CLANG_WARN_OBJC_ROOT_CLASS = YES_ERROR;
				CLANG_WARN_RANGE_LOOP_ANALYSIS = YES;
				CLANG_WARN_STRICT_PROTOTYPES = YES;
				CLANG_WARN_SUSPICIOUS_MOVE = YES;
				CLANG_WARN_UNGUARDED_AVAILABILITY = YES_AGGRESSIVE;
				CLANG_WARN_UNREACHABLE_CODE = YES;
				CLANG_WARN__DUPLICATE_METHOD_MATCH = YES;
				CODE_SIGN_IDENTITY = "iPhone Developer";
				COPY_PHASE_STRIP = NO;
				DEBUG_INFORMATION_FORMAT = dwarf;
				ENABLE_STRICT_OBJC_MSGSEND = YES;
				ENABLE_TESTABILITY = YES;
				GCC_C_LANGUAGE_STANDARD = gnu11;
				GCC_DYNAMIC_NO_PIC = NO;
				GCC_NO_COMMON_BLOCKS = YES;
				GCC_OPTIMIZATION_LEVEL = 0;
				GCC_PREPROCESSOR_DEFINITIONS = (
					"DEBUG=1",
					"$(inherited)",
				);
				GCC_WARN_64_TO_32_BIT_CONVERSION = YES;
				GCC_WARN_ABOUT_RETURN_TYPE = YES_ERROR;
				GCC_WARN_UNDECLARED_SELECTOR = YES;
				GCC_WARN_UNINITIALIZED_AUTOS = YES_AGGRESSIVE;
				GCC_WARN_UNUSED_FUNCTION = YES;
				GCC_WARN_UNUSED_VARIABLE = YES;
				IPHONEOS_DEPLOYMENT_TARGET = 11.4;
				MTL_ENABLE_DEBUG_INFO = YES;
				ONLY_ACTIVE_ARCH = YES;
				SDKROOT = iphoneos;
			};
			name = Debug;
		};
		3C26882C21154A1B001CE6F3 /* Release */ = {
			isa = XCBuildConfiguration;
			buildSettings = {
				ALWAYS_SEARCH_USER_PATHS = NO;
				CLANG_ANALYZER_NONNULL = YES;
				CLANG_ANALYZER_NUMBER_OBJECT_CONVERSION = YES_AGGRESSIVE;
				CLANG_CXX_LANGUAGE_STANDARD = "gnu++14";
				CLANG_CXX_LIBRARY = "libc++";
				CLANG_ENABLE_MODULES = YES;
				CLANG_ENABLE_OBJC_ARC = YES;
				CLANG_ENABLE_OBJC_WEAK = YES;
				CLANG_WARN_BLOCK_CAPTURE_AUTORELEASING = YES;
				CLANG_WARN_BOOL_CONVERSION = YES;
				CLANG_WARN_COMMA = YES;
				CLANG_WARN_CONSTANT_CONVERSION = YES;
				CLANG_WARN_DEPRECATED_OBJC_IMPLEMENTATIONS = YES;
				CLANG_WARN_DIRECT_OBJC_ISA_USAGE = YES_ERROR;
				CLANG_WARN_DOCUMENTATION_COMMENTS = YES;
				CLANG_WARN_EMPTY_BODY = YES;
				CLANG_WARN_ENUM_CONVERSION = YES;
				CLANG_WARN_INFINITE_RECURSION = YES;
				CLANG_WARN_INT_CONVERSION = YES;
				CLANG_WARN_NON_LITERAL_NULL_CONVERSION = YES;
				CLANG_WARN_OBJC_IMPLICIT_RETAIN_SELF = YES;
				CLANG_WARN_OBJC_LITERAL_CONVERSION = YES;
				CLANG_WARN_OBJC_ROOT_CLASS = YES_ERROR;
				CLANG_WARN_RANGE_LOOP_ANALYSIS = YES;
				CLANG_WARN_STRICT_PROTOTYPES = YES;
				CLANG_WARN_SUSPICIOUS_MOVE = YES;
				CLANG_WARN_UNGUARDED_AVAILABILITY = YES_AGGRESSIVE;
				CLANG_WARN_UNREACHABLE_CODE = YES;
				CLANG_WARN__DUPLICATE_METHOD_MATCH = YES;
				CODE_SIGN_IDENTITY = "iPhone Developer";
				COPY_PHASE_STRIP = NO;
				DEBUG_INFORMATION_FORMAT = "dwarf-with-dsym";
				ENABLE_NS_ASSERTIONS = NO;
				ENABLE_STRICT_OBJC_MSGSEND = YES;
				GCC_C_LANGUAGE_STANDARD = gnu11;
				GCC_NO_COMMON_BLOCKS = YES;
				GCC_WARN_64_TO_32_BIT_CONVERSION = YES;
				GCC_WARN_ABOUT_RETURN_TYPE = YES_ERROR;
				GCC_WARN_UNDECLARED_SELECTOR = YES;
				GCC_WARN_UNINITIALIZED_AUTOS = YES_AGGRESSIVE;
				GCC_WARN_UNUSED_FUNCTION = YES;
				GCC_WARN_UNUSED_VARIABLE = YES;
				IPHONEOS_DEPLOYMENT_TARGET = 11.4;
				MTL_ENABLE_DEBUG_INFO = NO;
				SDKROOT = iphoneos;
				VALIDATE_PRODUCT = YES;
			};
			name = Release;
		};
		3C26882E21154A1B001CE6F3 /* Debug */ = {
			isa = XCBuildConfiguration;
			buildSettings = {
				ASSETCATALOG_COMPILER_APPICON_NAME = AppIcon;
				CODE_SIGN_STYLE = Automatic;
				DEVELOPMENT_TEAM = U5LAHK8PW6;
				INFOPLIST_FILE = UITest/Info.plist;
				LD_RUNPATH_SEARCH_PATHS = (
					"$(inherited)",
					"@executable_path/Frameworks",
				);
				PRODUCT_BUNDLE_IDENTIFIER = com.tz.UITest;
				PRODUCT_NAME = "$(TARGET_NAME)";
				TARGETED_DEVICE_FAMILY = "1,2";
			};
			name = Debug;
		};
		3C26882F21154A1B001CE6F3 /* Release */ = {
			isa = XCBuildConfiguration;
			buildSettings = {
				ASSETCATALOG_COMPILER_APPICON_NAME = AppIcon;
				CODE_SIGN_STYLE = Automatic;
				DEVELOPMENT_TEAM = U5LAHK8PW6;
				INFOPLIST_FILE = UITest/Info.plist;
				LD_RUNPATH_SEARCH_PATHS = (
					"$(inherited)",
					"@executable_path/Frameworks",
				);
				PRODUCT_BUNDLE_IDENTIFIER = com.tz.UITest;
				PRODUCT_NAME = "$(TARGET_NAME)";
				TARGETED_DEVICE_FAMILY = "1,2";
			};
			name = Release;
		};
		3C26883C21154A2A001CE6F3 /* Debug */ = {
			isa = XCBuildConfiguration;
			buildSettings = {
				BUNDLE_LOADER = "$(TEST_HOST)";
				CODE_SIGN_STYLE = Automatic;
				DEVELOPMENT_TEAM = U5LAHK8PW6;
				INFOPLIST_FILE = UITestTests/Info.plist;
				LD_RUNPATH_SEARCH_PATHS = (
					"$(inherited)",
					"@executable_path/Frameworks",
					"@loader_path/Frameworks",
				);
				PRODUCT_BUNDLE_IDENTIFIER = com.tz.UITestTests;
				PRODUCT_NAME = "$(TARGET_NAME)";
				TARGETED_DEVICE_FAMILY = "1,2";
				TEST_HOST = "$(BUILT_PRODUCTS_DIR)/UITest.app/UITest";
			};
			name = Debug;
		};
		3C26883D21154A2A001CE6F3 /* Release */ = {
			isa = XCBuildConfiguration;
			buildSettings = {
				BUNDLE_LOADER = "$(TEST_HOST)";
				CODE_SIGN_STYLE = Automatic;
				DEVELOPMENT_TEAM = U5LAHK8PW6;
				INFOPLIST_FILE = UITestTests/Info.plist;
				LD_RUNPATH_SEARCH_PATHS = (
					"$(inherited)",
					"@executable_path/Frameworks",
					"@loader_path/Frameworks",
				);
				PRODUCT_BUNDLE_IDENTIFIER = com.tz.UITestTests;
				PRODUCT_NAME = "$(TARGET_NAME)";
				TARGETED_DEVICE_FAMILY = "1,2";
				TEST_HOST = "$(BUILT_PRODUCTS_DIR)/UITest.app/UITest";
			};
			name = Release;
		};
		3C26884A21154A34001CE6F3 /* Debug */ = {
			isa = XCBuildConfiguration;
			buildSettings = {
				CODE_SIGN_STYLE = Automatic;
				DEVELOPMENT_TEAM = U5LAHK8PW6;
				INFOPLIST_FILE = UITestUITests/Info.plist;
				LD_RUNPATH_SEARCH_PATHS = (
					"$(inherited)",
					"@executable_path/Frameworks",
					"@loader_path/Frameworks",
				);
				PRODUCT_BUNDLE_IDENTIFIER = com.tz.UITestUITests;
				PRODUCT_NAME = "$(TARGET_NAME)";
				TARGETED_DEVICE_FAMILY = "1,2";
				TEST_TARGET_NAME = UITest;
			};
			name = Debug;
		};
		3C26884B21154A34001CE6F3 /* Release */ = {
			isa = XCBuildConfiguration;
			buildSettings = {
				CODE_SIGN_STYLE = Automatic;
				DEVELOPMENT_TEAM = U5LAHK8PW6;
				INFOPLIST_FILE = UITestUITests/Info.plist;
				LD_RUNPATH_SEARCH_PATHS = (
					"$(inherited)",
					"@executable_path/Frameworks",
					"@loader_path/Frameworks",
				);
				PRODUCT_BUNDLE_IDENTIFIER = com.tz.UITestUITests;
				PRODUCT_NAME = "$(TARGET_NAME)";
				TARGETED_DEVICE_FAMILY = "1,2";
				TEST_TARGET_NAME = UITest;
			};
			name = Release;
		};
/* End XCBuildConfiguration section */

/* Begin XCConfigurationList section */
		3C26881221154A1A001CE6F3 /* Build configuration list for PBXProject "UITest" */ = {
			isa = XCConfigurationList;
			buildConfigurations = (
				3C26882B21154A1B001CE6F3 /* Debug */,
				3C26882C21154A1B001CE6F3 /* Release */,
			);
			defaultConfigurationIsVisible = 0;
			defaultConfigurationName = Release;
		};
		3C26882D21154A1B001CE6F3 /* Build configuration list for PBXNativeTarget "UITest" */ = {
			isa = XCConfigurationList;
			buildConfigurations = (
				3C26882E21154A1B001CE6F3 /* Debug */,
				3C26882F21154A1B001CE6F3 /* Release */,
			);
			defaultConfigurationIsVisible = 0;
			defaultConfigurationName = Release;
		};
		3C26883B21154A2A001CE6F3 /* Build configuration list for PBXNativeTarget "UITestTests" */ = {
			isa = XCConfigurationList;
			buildConfigurations = (
				3C26883C21154A2A001CE6F3 /* Debug */,
				3C26883D21154A2A001CE6F3 /* Release */,
			);
			defaultConfigurationIsVisible = 0;
			defaultConfigurationName = Release;
		};
		3C26884921154A34001CE6F3 /* Build configuration list for PBXNativeTarget "UITestUITests" */ = {
			isa = XCConfigurationList;
			buildConfigurations = (
				3C26884A21154A34001CE6F3 /* Debug */,
				3C26884B21154A34001CE6F3 /* Release */,
			);
			defaultConfigurationIsVisible = 0;
			defaultConfigurationName = Release;
		};
/* End XCConfigurationList section */
	};
	rootObject = 3C26880F21154A1A001CE6F3 /* Project object */;
}
